// !$*UTF8*$!
{
	archiveVersion = 1;
	classes = {
	};
	objectVersion = 50;
	objects = {

/* Begin PBXBuildFile section */
		0717A79022A66ADF00B2E59D /* testPod.framework in Frameworks */ = {isa = PBXBuildFile; fileRef = 0717A78622A66ADF00B2E59D /* testPod.framework */; };
		0717A79522A66ADF00B2E59D /* testPodTests.m in Sources */ = {isa = PBXBuildFile; fileRef = 0717A79422A66ADF00B2E59D /* testPodTests.m */; };
		0717A79722A66ADF00B2E59D /* testPod.h in Headers */ = {isa = PBXBuildFile; fileRef = 0717A78922A66ADF00B2E59D /* testPod.h */; settings = {ATTRIBUTES = (Public, ); }; };
		648FB7D5888A5C528DFDC257 /* Pods_testPodTests.framework in Frameworks */ = {isa = PBXBuildFile; fileRef = 896EC736D44915E7D8F507D9 /* Pods_testPodTests.framework */; };
		DDAE9BFE1FBB611D7548BC34 /* Pods_testPod.framework in Frameworks */ = {isa = PBXBuildFile; fileRef = 8BF480CEA1E554823601E3AD /* Pods_testPod.framework */; };
/* End PBXBuildFile section */

/* Begin PBXContainerItemProxy section */
		0717A79122A66ADF00B2E59D /* PBXContainerItemProxy */ = {
			isa = PBXContainerItemProxy;
			containerPortal = 0717A77D22A66ADF00B2E59D /* Project object */;
			proxyType = 1;
			remoteGlobalIDString = 0717A78522A66ADF00B2E59D;
			remoteInfo = testPod;
		};
/* End PBXContainerItemProxy section */

/* Begin PBXFileReference section */
		0717A78622A66ADF00B2E59D /* testPod.framework */ = {isa = PBXFileReference; explicitFileType = wrapper.framework; includeInIndex = 0; path = testPod.framework; sourceTree = BUILT_PRODUCTS_DIR; };
		0717A78922A66ADF00B2E59D /* testPod.h */ = {isa = PBXFileReference; lastKnownFileType = sourcecode.c.h; path = testPod.h; sourceTree = "<group>"; };
		0717A78A22A66ADF00B2E59D /* Info.plist */ = {isa = PBXFileReference; lastKnownFileType = text.plist.xml; path = Info.plist; sourceTree = "<group>"; };
		0717A78F22A66ADF00B2E59D /* testPodTests.xctest */ = {isa = PBXFileReference; explicitFileType = wrapper.cfbundle; includeInIndex = 0; path = testPodTests.xctest; sourceTree = BUILT_PRODUCTS_DIR; };
		0717A79422A66ADF00B2E59D /* testPodTests.m */ = {isa = PBXFileReference; lastKnownFileType = sourcecode.c.objc; path = testPodTests.m; sourceTree = "<group>"; };
		0717A79622A66ADF00B2E59D /* Info.plist */ = {isa = PBXFileReference; lastKnownFileType = text.plist.xml; path = Info.plist; sourceTree = "<group>"; };
		083345809647371EF96F35BE /* Pods-testPodTests.release.xcconfig */ = {isa = PBXFileReference; includeInIndex = 1; lastKnownFileType = text.xcconfig; name = "Pods-testPodTests.release.xcconfig"; path = "Target Support Files/Pods-testPodTests/Pods-testPodTests.release.xcconfig"; sourceTree = "<group>"; };
		161E5C2A1612922977E4C31E /* Pods-testPod.debug.xcconfig */ = {isa = PBXFileReference; includeInIndex = 1; lastKnownFileType = text.xcconfig; name = "Pods-testPod.debug.xcconfig"; path = "Target Support Files/Pods-testPod/Pods-testPod.debug.xcconfig"; sourceTree = "<group>"; };
		445AAFCBC4F46899D36CC9D3 /* Pods-testPodTests.debug.xcconfig */ = {isa = PBXFileReference; includeInIndex = 1; lastKnownFileType = text.xcconfig; name = "Pods-testPodTests.debug.xcconfig"; path = "Target Support Files/Pods-testPodTests/Pods-testPodTests.debug.xcconfig"; sourceTree = "<group>"; };
		6A2121ABE99C1ED12505EE48 /* Pods-testPod.release.xcconfig */ = {isa = PBXFileReference; includeInIndex = 1; lastKnownFileType = text.xcconfig; name = "Pods-testPod.release.xcconfig"; path = "Target Support Files/Pods-testPod/Pods-testPod.release.xcconfig"; sourceTree = "<group>"; };
		896EC736D44915E7D8F507D9 /* Pods_testPodTests.framework */ = {isa = PBXFileReference; explicitFileType = wrapper.framework; includeInIndex = 0; path = Pods_testPodTests.framework; sourceTree = BUILT_PRODUCTS_DIR; };
		8BF480CEA1E554823601E3AD /* Pods_testPod.framework */ = {isa = PBXFileReference; explicitFileType = wrapper.framework; includeInIndex = 0; path = Pods_testPod.framework; sourceTree = BUILT_PRODUCTS_DIR; };
/* End PBXFileReference section */

/* Begin PBXFrameworksBuildPhase section */
		0717A78322A66ADF00B2E59D /* Frameworks */ = {
			isa = PBXFrameworksBuildPhase;
			buildActionMask = 2147483647;
			files = (
				DDAE9BFE1FBB611D7548BC34 /* Pods_testPod.framework in Frameworks */,
			);
			runOnlyForDeploymentPostprocessing = 0;
		};
		0717A78C22A66ADF00B2E59D /* Frameworks */ = {
			isa = PBXFrameworksBuildPhase;
			buildActionMask = 2147483647;
			files = (
				0717A79022A66ADF00B2E59D /* testPod.framework in Frameworks */,
				648FB7D5888A5C528DFDC257 /* Pods_testPodTests.framework in Frameworks */,
			);
			runOnlyForDeploymentPostprocessing = 0;
		};
/* End PBXFrameworksBuildPhase section */

/* Begin PBXGroup section */
		0717A77C22A66ADF00B2E59D = {
			isa = PBXGroup;
			children = (
				0717A78822A66ADF00B2E59D /* testPod */,
				0717A79322A66ADF00B2E59D /* testPodTests */,
				0717A78722A66ADF00B2E59D /* Products */,
				4995262B03CDAB272CB65370 /* Pods */,
				15F07E359C825DF676D204B8 /* Frameworks */,
			);
			sourceTree = "<group>";
		};
		0717A78722A66ADF00B2E59D /* Products */ = {
			isa = PBXGroup;
			children = (
				0717A78622A66ADF00B2E59D /* testPod.framework */,
				0717A78F22A66ADF00B2E59D /* testPodTests.xctest */,
			);
			name = Products;
			sourceTree = "<group>";
		};
		0717A78822A66ADF00B2E59D /* testPod */ = {
			isa = PBXGroup;
			children = (
				0717A78922A66ADF00B2E59D /* testPod.h */,
				0717A78A22A66ADF00B2E59D /* Info.plist */,
			);
			path = testPod;
			sourceTree = "<group>";
		};
		0717A79322A66ADF00B2E59D /* testPodTests */ = {
			isa = PBXGroup;
			children = (
				0717A79422A66ADF00B2E59D /* testPodTests.m */,
				0717A79622A66ADF00B2E59D /* Info.plist */,
			);
			path = testPodTests;
			sourceTree = "<group>";
		};
		15F07E359C825DF676D204B8 /* Frameworks */ = {
			isa = PBXGroup;
			children = (
				8BF480CEA1E554823601E3AD /* Pods_testPod.framework */,
				896EC736D44915E7D8F507D9 /* Pods_testPodTests.framework */,
			);
			name = Frameworks;
			sourceTree = "<group>";
		};
		4995262B03CDAB272CB65370 /* Pods */ = {
			isa = PBXGroup;
			children = (
				161E5C2A1612922977E4C31E /* Pods-testPod.debug.xcconfig */,
				6A2121ABE99C1ED12505EE48 /* Pods-testPod.release.xcconfig */,
				445AAFCBC4F46899D36CC9D3 /* Pods-testPodTests.debug.xcconfig */,
				083345809647371EF96F35BE /* Pods-testPodTests.release.xcconfig */,
			);
			name = Pods;
			path = Pods;
			sourceTree = "<group>";
		};
/* End PBXGroup section */

/* Begin PBXHeadersBuildPhase section */
		0717A78122A66ADF00B2E59D /* Headers */ = {
			isa = PBXHeadersBuildPhase;
			buildActionMask = 2147483647;
			files = (
				0717A79722A66ADF00B2E59D /* testPod.h in Headers */,
			);
			runOnlyForDeploymentPostprocessing = 0;
		};
/* End PBXHeadersBuildPhase section */

/* Begin PBXNativeTarget section */
		0717A78522A66ADF00B2E59D /* testPod */ = {
			isa = PBXNativeTarget;
			buildConfigurationList = 0717A79A22A66ADF00B2E59D /* Build configuration list for PBXNativeTarget "testPod" */;
			buildPhases = (
				D0946CC03A6D16C7509B1F13 /* [CP] Check Pods Manifest.lock */,
				0717A78122A66ADF00B2E59D /* Headers */,
				0717A78222A66ADF00B2E59D /* Sources */,
				0717A78322A66ADF00B2E59D /* Frameworks */,
				0717A78422A66ADF00B2E59D /* Resources */,
			);
			buildRules = (
			);
			dependencies = (
			);
			name = testPod;
			productName = testPod;
			productReference = 0717A78622A66ADF00B2E59D /* testPod.framework */;
			productType = "com.apple.product-type.framework";
		};
		0717A78E22A66ADF00B2E59D /* testPodTests */ = {
			isa = PBXNativeTarget;
			buildConfigurationList = 0717A79D22A66ADF00B2E59D /* Build configuration list for PBXNativeTarget "testPodTests" */;
			buildPhases = (
				0A0267B4B44B15647D567620 /* [CP] Check Pods Manifest.lock */,
				0717A78B22A66ADF00B2E59D /* Sources */,
				0717A78C22A66ADF00B2E59D /* Frameworks */,
				0717A78D22A66ADF00B2E59D /* Resources */,
				825449D23846E51BD858035F /* [CP] Embed Pods Frameworks */,
			);
			buildRules = (
			);
			dependencies = (
				0717A79222A66ADF00B2E59D /* PBXTargetDependency */,
			);
			name = testPodTests;
			productName = testPodTests;
			productReference = 0717A78F22A66ADF00B2E59D /* testPodTests.xctest */;
			productType = "com.apple.product-type.bundle.unit-test";
		};
/* End PBXNativeTarget section */

/* Begin PBXProject section */
		0717A77D22A66ADF00B2E59D /* Project object */ = {
			isa = PBXProject;
			attributes = {
				LastUpgradeCheck = 1010;
				ORGANIZATIONNAME = "reen cho";
				TargetAttributes = {
					0717A78522A66ADF00B2E59D = {
						CreatedOnToolsVersion = 10.1;
					};
					0717A78E22A66ADF00B2E59D = {
						CreatedOnToolsVersion = 10.1;
					};
				};
			};
			buildConfigurationList = 0717A78022A66ADF00B2E59D /* Build configuration list for PBXProject "testPod" */;
			compatibilityVersion = "Xcode 9.3";
			developmentRegion = en;
			hasScannedForEncodings = 0;
			knownRegions = (
				en,
			);
			mainGroup = 0717A77C22A66ADF00B2E59D;
			productRefGroup = 0717A78722A66ADF00B2E59D /* Products */;
			projectDirPath = "";
			projectRoot = "";
			targets = (
				0717A78522A66ADF00B2E59D /* testPod */,
				0717A78E22A66ADF00B2E59D /* testPodTests */,
			);
		};
/* End PBXProject section */

/* Begin PBXResourcesBuildPhase section */
		0717A78422A66ADF00B2E59D /* Resources */ = {
			isa = PBXResourcesBuildPhase;
			buildActionMask = 2147483647;
			files = (
			);
			runOnlyForDeploymentPostprocessing = 0;
		};
		0717A78D22A66ADF00B2E59D /* Resources */ = {
			isa = PBXResourcesBuildPhase;
			buildActionMask = 2147483647;
			files = (
			);
			runOnlyForDeploymentPostprocessing = 0;
		};
/* End PBXResourcesBuildPhase section */

/* Begin PBXShellScriptBuildPhase section */
		0A0267B4B44B15647D567620 /* [CP] Check Pods Manifest.lock */ = {
			isa = PBXShellScriptBuildPhase;
			buildActionMask = 2147483647;
			files = (
			);
			inputFileListPaths = (
			);
			inputPaths = (
				"${PODS_PODFILE_DIR_PATH}/Podfile.lock",
				"${PODS_ROOT}/Manifest.lock",
			);
			name = "[CP] Check Pods Manifest.lock";
			outputFileListPaths = (
			);
			outputPaths = (
				"$(DERIVED_FILE_DIR)/Pods-testPodTests-checkManifestLockResult.txt",
			);
			runOnlyForDeploymentPostprocessing = 0;
			shellPath = /bin/sh;
			shellScript = "diff \"${PODS_PODFILE_DIR_PATH}/Podfile.lock\" \"${PODS_ROOT}/Manifest.lock\" > /dev/null\nif [ $? != 0 ] ; then\n    # print error to STDERR\n    echo \"error: The sandbox is not in sync with the Podfile.lock. Run 'pod install' or update your CocoaPods installation.\" >&2\n    exit 1\nfi\n# This output is used by Xcode 'outputs' to avoid re-running this script phase.\necho \"SUCCESS\" > \"${SCRIPT_OUTPUT_FILE_0}\"\n";
			showEnvVarsInLog = 0;
		};
		825449D23846E51BD858035F /* [CP] Embed Pods Frameworks */ = {
			isa = PBXShellScriptBuildPhase;
			buildActionMask = 2147483647;
			files = (
			);
			inputFileListPaths = (
				"${PODS_ROOT}/Target Support Files/Pods-testPodTests/Pods-testPodTests-frameworks-${CONFIGURATION}-input-files.xcfilelist",
			);
			name = "[CP] Embed Pods Frameworks";
			outputFileListPaths = (
				"${PODS_ROOT}/Target Support Files/Pods-testPodTests/Pods-testPodTests-frameworks-${CONFIGURATION}-output-files.xcfilelist",
			);
			runOnlyForDeploymentPostprocessing = 0;
			shellPath = /bin/sh;
			shellScript = "\"${PODS_ROOT}/Target Support Files/Pods-testPodTests/Pods-testPodTests-frameworks.sh\"\n";
			showEnvVarsInLog = 0;
		};
		D0946CC03A6D16C7509B1F13 /* [CP] Check Pods Manifest.lock */ = {
			isa = PBXShellScriptBuildPhase;
			buildActionMask = 2147483647;
			files = (
			);
			inputFileListPaths = (
			);
			inputPaths = (
				"${PODS_PODFILE_DIR_PATH}/Podfile.lock",
				"${PODS_ROOT}/Manifest.lock",
			);
			name = "[CP] Check Pods Manifest.lock";
			outputFileListPaths = (
			);
			outputPaths = (
				"$(DERIVED_FILE_DIR)/Pods-testPod-checkManifestLockResult.txt",
			);
			runOnlyForDeploymentPostprocessing = 0;
			shellPath = /bin/sh;
			shellScript = "diff \"${PODS_PODFILE_DIR_PATH}/Podfile.lock\" \"${PODS_ROOT}/Manifest.lock\" > /dev/null\nif [ $? != 0 ] ; then\n    # print error to STDERR\n    echo \"error: The sandbox is not in sync with the Podfile.lock. Run 'pod install' or update your CocoaPods installation.\" >&2\n    exit 1\nfi\n# This output is used by Xcode 'outputs' to avoid re-running this script phase.\necho \"SUCCESS\" > \"${SCRIPT_OUTPUT_FILE_0}\"\n";
			showEnvVarsInLog = 0;
		};
/* End PBXShellScriptBuildPhase section */

/* Begin PBXSourcesBuildPhase section */
		0717A78222A66ADF00B2E59D /* Sources */ = {
			isa = PBXSourcesBuildPhase;
			buildActionMask = 2147483647;
			files = (
			);
			runOnlyForDeploymentPostprocessing = 0;
		};
		0717A78B22A66ADF00B2E59D /* Sources */ = {
			isa = PBXSourcesBuildPhase;
			buildActionMask = 2147483647;
			files = (
				0717A79522A66ADF00B2E59D /* testPodTests.m in Sources */,
			);
			runOnlyForDeploymentPostprocessing = 0;
		};
/* End PBXSourcesBuildPhase section */

/* Begin PBXTargetDependency section */
		0717A79222A66ADF00B2E59D /* PBXTargetDependency */ = {
			isa = PBXTargetDependency;
			target = 0717A78522A66ADF00B2E59D /* testPod */;
			targetProxy = 0717A79122A66ADF00B2E59D /* PBXContainerItemProxy */;
		};
/* End PBXTargetDependency section */

/* Begin XCBuildConfiguration section */
		0717A79822A66ADF00B2E59D /* Debug */ = {
			isa = XCBuildConfiguration;
			buildSettings = {
				ALWAYS_SEARCH_USER_PATHS = NO;
				CLANG_ANALYZER_NONNULL = YES;
				CLANG_ANALYZER_NUMBER_OBJECT_CONVERSION = YES_AGGRESSIVE;
				CLANG_CXX_LANGUAGE_STANDARD = "gnu++14";
				CLANG_CXX_LIBRARY = "libc++";
				CLANG_ENABLE_MODULES = YES;
				CLANG_ENABLE_OBJC_ARC = YES;
				CLANG_ENABLE_OBJC_WEAK = YES;
				CLANG_WARN_BLOCK_CAPTURE_AUTORELEASING = YES;
				CLANG_WARN_BOOL_CONVERSION = YES;
				CLANG_WARN_COMMA = YES;
				CLANG_WARN_CONSTANT_CONVERSION = YES;
				CLANG_WARN_DEPRECATED_OBJC_IMPLEMENTATIONS = YES;
				CLANG_WARN_DIRECT_OBJC_ISA_USAGE = YES_ERROR;
				CLANG_WARN_DOCUMENTATION_COMMENTS = YES;
				CLANG_WARN_EMPTY_BODY = YES;
				CLANG_WARN_ENUM_CONVERSION = YES;
				CLANG_WARN_INFINITE_RECURSION = YES;
				CLANG_WARN_INT_CONVERSION = YES;
				CLANG_WARN_NON_LITERAL_NULL_CONVERSION = YES;
				CLANG_WARN_OBJC_IMPLICIT_RETAIN_SELF = YES;
				CLANG_WARN_OBJC_LITERAL_CONVERSION = YES;
				CLANG_WARN_OBJC_ROOT_CLASS = YES_ERROR;
				CLANG_WARN_RANGE_LOOP_ANALYSIS = YES;
				CLANG_WARN_STRICT_PROTOTYPES = YES;
				CLANG_WARN_SUSPICIOUS_MOVE = YES;
				CLANG_WARN_UNGUARDED_AVAILABILITY = YES_AGGRESSIVE;
				CLANG_WARN_UNREACHABLE_CODE = YES;
				CLANG_WARN__DUPLICATE_METHOD_MATCH = YES;
				CODE_SIGN_IDENTITY = "iPhone Developer";
				COPY_PHASE_STRIP = NO;
				CURRENT_PROJECT_VERSION = 1;
				DEBUG_INFORMATION_FORMAT = dwarf;
				ENABLE_STRICT_OBJC_MSGSEND = YES;
				ENABLE_TESTABILITY = YES;
				GCC_C_LANGUAGE_STANDARD = gnu11;
				GCC_DYNAMIC_NO_PIC = NO;
				GCC_NO_COMMON_BLOCKS = YES;
				GCC_OPTIMIZATION_LEVEL = 0;
				GCC_PREPROCESSOR_DEFINITIONS = (
					"DEBUG=1",
					"$(inherited)",
				);
				GCC_WARN_64_TO_32_BIT_CONVERSION = YES;
				GCC_WARN_ABOUT_RETURN_TYPE = YES_ERROR;
				GCC_WARN_UNDECLARED_SELECTOR = YES;
				GCC_WARN_UNINITIALIZED_AUTOS = YES_AGGRESSIVE;
				GCC_WARN_UNUSED_FUNCTION = YES;
				GCC_WARN_UNUSED_VARIABLE = YES;
				IPHONEOS_DEPLOYMENT_TARGET = 12.1;
				MTL_ENABLE_DEBUG_INFO = INCLUDE_SOURCE;
				MTL_FAST_MATH = YES;
				ONLY_ACTIVE_ARCH = YES;
				SDKROOT = iphoneos;
				VERSIONING_SYSTEM = "apple-generic";
				VERSION_INFO_PREFIX = "";
			};
			name = Debug;
		};
		0717A79922A66ADF00B2E59D /* Release */ = {
			isa = XCBuildConfiguration;
			buildSettings = {
				ALWAYS_SEARCH_USER_PATHS = NO;
				CLANG_ANALYZER_NONNULL = YES;
				CLANG_ANALYZER_NUMBER_OBJECT_CONVERSION = YES_AGGRESSIVE;
				CLANG_CXX_LANGUAGE_STANDARD = "gnu++14";
				CLANG_CXX_LIBRARY = "libc++";
				CLANG_ENABLE_MODULES = YES;
				CLANG_ENABLE_OBJC_ARC = YES;
				CLANG_ENABLE_OBJC_WEAK = YES;
				CLANG_WARN_BLOCK_CAPTURE_AUTORELEASING = YES;
				CLANG_WARN_BOOL_CONVERSION = YES;
				CLANG_WARN_COMMA = YES;
				CLANG_WARN_CONSTANT_CONVERSION = YES;
				CLANG_WARN_DEPRECATED_OBJC_IMPLEMENTATIONS = YES;
				CLANG_WARN_DIRECT_OBJC_ISA_USAGE = YES_ERROR;
				CLANG_WARN_DOCUMENTATION_COMMENTS = YES;
				CLANG_WARN_EMPTY_BODY = YES;
				CLANG_WARN_ENUM_CONVERSION = YES;
				CLANG_WARN_INFINITE_RECURSION = YES;
				CLANG_WARN_INT_CONVERSION = YES;
				CLANG_WARN_NON_LITERAL_NULL_CONVERSION = YES;
				CLANG_WARN_OBJC_IMPLICIT_RETAIN_SELF = YES;
				CLANG_WARN_OBJC_LITERAL_CONVERSION = YES;
				CLANG_WARN_OBJC_ROOT_CLASS = YES_ERROR;
				CLANG_WARN_RANGE_LOOP_ANALYSIS = YES;
				CLANG_WARN_STRICT_PROTOTYPES = YES;
				CLANG_WARN_SUSPICIOUS_MOVE = YES;
				CLANG_WARN_UNGUARDED_AVAILABILITY = YES_AGGRESSIVE;
				CLANG_WARN_UNREACHABLE_CODE = YES;
				CLANG_WARN__DUPLICATE_METHOD_MATCH = YES;
				CODE_SIGN_IDENTITY = "iPhone Developer";
				COPY_PHASE_STRIP = NO;
				CURRENT_PROJECT_VERSION = 1;
				DEBUG_INFORMATION_FORMAT = "dwarf-with-dsym";
				ENABLE_NS_ASSERTIONS = NO;
				ENABLE_STRICT_OBJC_MSGSEND = YES;
				GCC_C_LANGUAGE_STANDARD = gnu11;
				GCC_NO_COMMON_BLOCKS = YES;
				GCC_WARN_64_TO_32_BIT_CONVERSION = YES;
				GCC_WARN_ABOUT_RETURN_TYPE = YES_ERROR;
				GCC_WARN_UNDECLARED_SELECTOR = YES;
				GCC_WARN_UNINITIALIZED_AUTOS = YES_AGGRESSIVE;
				GCC_WARN_UNUSED_FUNCTION = YES;
				GCC_WARN_UNUSED_VARIABLE = YES;
				IPHONEOS_DEPLOYMENT_TARGET = 12.1;
				MTL_ENABLE_DEBUG_INFO = NO;
				MTL_FAST_MATH = YES;
				SDKROOT = iphoneos;
				VALIDATE_PRODUCT = YES;
				VERSIONING_SYSTEM = "apple-generic";
				VERSION_INFO_PREFIX = "";
			};
			name = Release;
		};
		0717A79B22A66ADF00B2E59D /* Debug */ = {
			isa = XCBuildConfiguration;
			baseConfigurationReference = 161E5C2A1612922977E4C31E /* Pods-testPod.debug.xcconfig */;
			buildSettings = {
				CODE_SIGN_IDENTITY = "";
				CODE_SIGN_STYLE = Automatic;
				DEFINES_MODULE = YES;
				DYLIB_COMPATIBILITY_VERSION = 1;
				DYLIB_CURRENT_VERSION = 1;
				DYLIB_INSTALL_NAME_BASE = "@rpath";
				INFOPLIST_FILE = testPod/Info.plist;
				INSTALL_PATH = "$(LOCAL_LIBRARY_DIR)/Frameworks";
				LD_RUNPATH_SEARCH_PATHS = (
					"$(inherited)",
					"@executable_path/Frameworks",
					"@loader_path/Frameworks",
				);
				PRODUCT_BUNDLE_IDENTIFIER = zyxel.testPod;
				PRODUCT_NAME = "$(TARGET_NAME:c99extidentifier)";
				SKIP_INSTALL = YES;
				TARGETED_DEVICE_FAMILY = "1,2";
			};
			name = Debug;
		};
		0717A79C22A66ADF00B2E59D /* Release */ = {
			isa = XCBuildConfiguration;
			baseConfigurationReference = 6A2121ABE99C1ED12505EE48 /* Pods-testPod.release.xcconfig */;
			buildSettings = {
				CODE_SIGN_IDENTITY = "";
				CODE_SIGN_STYLE = Automatic;
				DEFINES_MODULE = YES;
				DYLIB_COMPATIBILITY_VERSION = 1;
				DYLIB_CURRENT_VERSION = 1;
				DYLIB_INSTALL_NAME_BASE = "@rpath";
				INFOPLIST_FILE = testPod/Info.plist;
				INSTALL_PATH = "$(LOCAL_LIBRARY_DIR)/Frameworks";
				LD_RUNPATH_SEARCH_PATHS = (
					"$(inherited)",
					"@executable_path/Frameworks",
					"@loader_path/Frameworks",
				);
				PRODUCT_BUNDLE_IDENTIFIER = zyxel.testPod;
				PRODUCT_NAME = "$(TARGET_NAME:c99extidentifier)";
				SKIP_INSTALL = YES;
				TARGETED_DEVICE_FAMILY = "1,2";
			};
			name = Release;
		};
		0717A79E22A66ADF00B2E59D /* Debug */ = {
			isa = XCBuildConfiguration;
			baseConfigurationReference = 445AAFCBC4F46899D36CC9D3 /* Pods-testPodTests.debug.xcconfig */;
			buildSettings = {
				CODE_SIGN_STYLE = Automatic;
				INFOPLIST_FILE = testPodTests/Info.plist;
				LD_RUNPATH_SEARCH_PATHS = (
					"$(inherited)",
					"@executable_path/Frameworks",
					"@loader_path/Frameworks",
				);
				PRODUCT_BUNDLE_IDENTIFIER = zyxel.testPodTests;
				PRODUCT_NAME = "$(TARGET_NAME)";
				TARGETED_DEVICE_FAMILY = "1,2";
			};
			name = Debug;
		};
		0717A79F22A66ADF00B2E59D /* Release */ = {
			isa = XCBuildConfiguration;
			baseConfigurationReference = 083345809647371EF96F35BE /* Pods-testPodTests.release.xcconfig */;
			buildSettings = {
				CODE_SIGN_STYLE = Automatic;
				INFOPLIST_FILE = testPodTests/Info.plist;
				LD_RUNPATH_SEARCH_PATHS = (
					"$(inherited)",
					"@executable_path/Frameworks",
					"@loader_path/Frameworks",
				);
				PRODUCT_BUNDLE_IDENTIFIER = zyxel.testPodTests;
				PRODUCT_NAME = "$(TARGET_NAME)";
				TARGETED_DEVICE_FAMILY = "1,2";
			};
			name = Release;
		};
/* End XCBuildConfiguration section */

/* Begin XCConfigurationList section */
		0717A78022A66ADF00B2E59D /* Build configuration list for PBXProject "testPod" */ = {
			isa = XCConfigurationList;
			buildConfigurations = (
				0717A79822A66ADF00B2E59D /* Debug */,
				0717A79922A66ADF00B2E59D /* Release */,
			);
			defaultConfigurationIsVisible = 0;
			defaultConfigurationName = Release;
		};
		0717A79A22A66ADF00B2E59D /* Build configuration list for PBXNativeTarget "testPod" */ = {
			isa = XCConfigurationList;
			buildConfigurations = (
				0717A79B22A66ADF00B2E59D /* Debug */,
				0717A79C22A66ADF00B2E59D /* Release */,
			);
			defaultConfigurationIsVisible = 0;
			defaultConfigurationName = Release;
		};
		0717A79D22A66ADF00B2E59D /* Build configuration list for PBXNativeTarget "testPodTests" */ = {
			isa = XCConfigurationList;
			buildConfigurations = (
				0717A79E22A66ADF00B2E59D /* Debug */,
				0717A79F22A66ADF00B2E59D /* Release */,
			);
			defaultConfigurationIsVisible = 0;
			defaultConfigurationName = Release;
		};
/* End XCConfigurationList section */
	};
	rootObject = 0717A77D22A66ADF00B2E59D /* Project object */;
}
