PODS:
  - AWSAPIGateway (2.4.16):
    - AWSCore (= 2.4.16)
  - AWSCore (2.4.16)
  - FMDB (2.7.5):
    - FMDB/standard (= 2.7.5)
  - FMDB/standard (2.7.5)
  - MBProgressHUD (1.1.0)
  - OpenSSL-Universal (1.0.2.17)

DEPENDENCIES:
  - AWSAPIGateway (~> 2.4.7)
  - FMDB
  - MBProgressHUD (~> 1.1.0)
  - OpenSSL-Universal (~> 1.0)

SPEC REPOS:
  https://github.com/cocoapods/specs.git:
    - AWSAPIGateway
    - AWSCore
    - FMDB
    - MBProgressHUD
    - OpenSSL-Universal

SPEC CHECKSUMS:
  AWSAPIGateway: 49d48577724a9f53eda1e8c53411c1f1ebac3b7b
  AWSCore: 7c3c129991e6387bcbad7132bc3661e7135754db
  FMDB: 2ce00b547f966261cd18927a3ddb07cb6f3db82a
  MBProgressHUD: e7baa36a220447d8aeb12769bf0585582f3866d9
  OpenSSL-Universal: ff04c2e6befc3f1247ae039e60c93f76345b3b5a

PODFILE CHECKSUM: 70c87a4a067c2f4485e20391c5a162188103383f

COCOAPODS: 1.7.1
